// !$*UTF8*$!
{
	archiveVersion = 1;
	classes = {
	};
	objectVersion = 56;
	objects = {

/* Begin PBXBuildFile section */
		EE7361852CFA8C94009B63E5 /* AppDelegate.swift in Sources */ = {isa = PBXBuildFile; fileRef = EE7361842CFA8C94009B63E5 /* AppDelegate.swift */; };
		EE7361872CFA8C94009B63E5 /* SceneDelegate.swift in Sources */ = {isa = PBXBuildFile; fileRef = EE7361862CFA8C94009B63E5 /* SceneDelegate.swift */; };
		EE7361892CFA8C94009B63E5 /* CryptoListViewController.swift in Sources */ = {isa = PBXBuildFile; fileRef = EE7361882CFA8C94009B63E5 /* CryptoListViewController.swift */; };
		EE73618E2CFA8C95009B63E5 /* Assets.xcassets in Resources */ = {isa = PBXBuildFile; fileRef = EE73618D2CFA8C95009B63E5 /* Assets.xcassets */; };
		EE7361912CFA8C95009B63E5 /* LaunchScreen.storyboard in Resources */ = {isa = PBXBuildFile; fileRef = EE73618F2CFA8C95009B63E5 /* LaunchScreen.storyboard */; };
		EE73619C2CFA8C95009B63E5 /* BtcturkCaseTests.swift in Sources */ = {isa = PBXBuildFile; fileRef = EE73619B2CFA8C95009B63E5 /* BtcturkCaseTests.swift */; };
		EE7361A62CFA8C95009B63E5 /* BtcturkCaseUITests.swift in Sources */ = {isa = PBXBuildFile; fileRef = EE7361A52CFA8C95009B63E5 /* BtcturkCaseUITests.swift */; };
		EE7361A82CFA8C95009B63E5 /* BtcturkCaseUITestsLaunchTests.swift in Sources */ = {isa = PBXBuildFile; fileRef = EE7361A72CFA8C95009B63E5 /* BtcturkCaseUITestsLaunchTests.swift */; };
		EE7361B92CFAA0C1009B63E5 /* APIService.swift in Sources */ = {isa = PBXBuildFile; fileRef = EE7361B82CFAA0C1009B63E5 /* APIService.swift */; };
		EE7361BD2CFAA459009B63E5 /* CryptoListViewModel.swift in Sources */ = {isa = PBXBuildFile; fileRef = EE7361BC2CFAA459009B63E5 /* CryptoListViewModel.swift */; };
		EE7361C12CFAA4CF009B63E5 /* CryptoTableViewCell.swift in Sources */ = {isa = PBXBuildFile; fileRef = EE7361C02CFAA4CF009B63E5 /* CryptoTableViewCell.swift */; };
		EE7361C32CFAA4EC009B63E5 /* FavoriteCollectionViewCell.swift in Sources */ = {isa = PBXBuildFile; fileRef = EE7361C22CFAA4EC009B63E5 /* FavoriteCollectionViewCell.swift */; };
		EE7361C52CFAA52E009B63E5 /* CryptoItem.swift in Sources */ = {isa = PBXBuildFile; fileRef = EE7361C42CFAA52E009B63E5 /* CryptoItem.swift */; };
/* End PBXBuildFile section */

/* Begin PBXContainerItemProxy section */
		EE7361982CFA8C95009B63E5 /* PBXContainerItemProxy */ = {
			isa = PBXContainerItemProxy;
			containerPortal = EE7361792CFA8C94009B63E5 /* Project object */;
			proxyType = 1;
			remoteGlobalIDString = EE7361802CFA8C94009B63E5;
			remoteInfo = BtcturkCase;
		};
		EE7361A22CFA8C95009B63E5 /* PBXContainerItemProxy */ = {
			isa = PBXContainerItemProxy;
			containerPortal = EE7361792CFA8C94009B63E5 /* Project object */;
			proxyType = 1;
			remoteGlobalIDString = EE7361802CFA8C94009B63E5;
			remoteInfo = BtcturkCase;
		};
/* End PBXContainerItemProxy section */

/* Begin PBXFileReference section */
		EE7361812CFA8C94009B63E5 /* BtcturkCase.app */ = {isa = PBXFileReference; explicitFileType = wrapper.application; includeInIndex = 0; path = BtcturkCase.app; sourceTree = BUILT_PRODUCTS_DIR; };
		EE7361842CFA8C94009B63E5 /* AppDelegate.swift */ = {isa = PBXFileReference; lastKnownFileType = sourcecode.swift; path = AppDelegate.swift; sourceTree = "<group>"; };
		EE7361862CFA8C94009B63E5 /* SceneDelegate.swift */ = {isa = PBXFileReference; lastKnownFileType = sourcecode.swift; path = SceneDelegate.swift; sourceTree = "<group>"; };
		EE7361882CFA8C94009B63E5 /* CryptoListViewController.swift */ = {isa = PBXFileReference; lastKnownFileType = sourcecode.swift; path = CryptoListViewController.swift; sourceTree = "<group>"; };
		EE73618D2CFA8C95009B63E5 /* Assets.xcassets */ = {isa = PBXFileReference; lastKnownFileType = folder.assetcatalog; path = Assets.xcassets; sourceTree = "<group>"; };
		EE7361902CFA8C95009B63E5 /* Base */ = {isa = PBXFileReference; lastKnownFileType = file.storyboard; name = Base; path = Base.lproj/LaunchScreen.storyboard; sourceTree = "<group>"; };
		EE7361922CFA8C95009B63E5 /* Info.plist */ = {isa = PBXFileReference; lastKnownFileType = text.plist.xml; path = Info.plist; sourceTree = "<group>"; };
		EE7361972CFA8C95009B63E5 /* BtcturkCaseTests.xctest */ = {isa = PBXFileReference; explicitFileType = wrapper.cfbundle; includeInIndex = 0; path = BtcturkCaseTests.xctest; sourceTree = BUILT_PRODUCTS_DIR; };
		EE73619B2CFA8C95009B63E5 /* BtcturkCaseTests.swift */ = {isa = PBXFileReference; lastKnownFileType = sourcecode.swift; path = BtcturkCaseTests.swift; sourceTree = "<group>"; };
		EE7361A12CFA8C95009B63E5 /* BtcturkCaseUITests.xctest */ = {isa = PBXFileReference; explicitFileType = wrapper.cfbundle; includeInIndex = 0; path = BtcturkCaseUITests.xctest; sourceTree = BUILT_PRODUCTS_DIR; };
		EE7361A52CFA8C95009B63E5 /* BtcturkCaseUITests.swift */ = {isa = PBXFileReference; lastKnownFileType = sourcecode.swift; path = BtcturkCaseUITests.swift; sourceTree = "<group>"; };
		EE7361A72CFA8C95009B63E5 /* BtcturkCaseUITestsLaunchTests.swift */ = {isa = PBXFileReference; lastKnownFileType = sourcecode.swift; path = BtcturkCaseUITestsLaunchTests.swift; sourceTree = "<group>"; };
		EE7361B82CFAA0C1009B63E5 /* APIService.swift */ = {isa = PBXFileReference; lastKnownFileType = sourcecode.swift; path = APIService.swift; sourceTree = "<group>"; };
		EE7361BC2CFAA459009B63E5 /* CryptoListViewModel.swift */ = {isa = PBXFileReference; lastKnownFileType = sourcecode.swift; path = CryptoListViewModel.swift; sourceTree = "<group>"; };
		EE7361C02CFAA4CF009B63E5 /* CryptoTableViewCell.swift */ = {isa = PBXFileReference; lastKnownFileType = sourcecode.swift; path = CryptoTableViewCell.swift; sourceTree = "<group>"; };
		EE7361C22CFAA4EC009B63E5 /* FavoriteCollectionViewCell.swift */ = {isa = PBXFileReference; lastKnownFileType = sourcecode.swift; path = FavoriteCollectionViewCell.swift; sourceTree = "<group>"; };
		EE7361C42CFAA52E009B63E5 /* CryptoItem.swift */ = {isa = PBXFileReference; lastKnownFileType = sourcecode.swift; path = CryptoItem.swift; sourceTree = "<group>"; };
/* End PBXFileReference section */

/* Begin PBXFrameworksBuildPhase section */
		EE73617E2CFA8C94009B63E5 /* Frameworks */ = {
			isa = PBXFrameworksBuildPhase;
			buildActionMask = 2147483647;
			files = (
			);
			runOnlyForDeploymentPostprocessing = 0;
		};
		EE7361942CFA8C95009B63E5 /* Frameworks */ = {
			isa = PBXFrameworksBuildPhase;
			buildActionMask = 2147483647;
			files = (
			);
			runOnlyForDeploymentPostprocessing = 0;
		};
		EE73619E2CFA8C95009B63E5 /* Frameworks */ = {
			isa = PBXFrameworksBuildPhase;
			buildActionMask = 2147483647;
			files = (
			);
			runOnlyForDeploymentPostprocessing = 0;
		};
/* End PBXFrameworksBuildPhase section */

/* Begin PBXGroup section */
		EE7361782CFA8C94009B63E5 = {
			isa = PBXGroup;
			children = (
				EE7361832CFA8C94009B63E5 /* BtcturkCase */,
				EE73619A2CFA8C95009B63E5 /* BtcturkCaseTests */,
				EE7361A42CFA8C95009B63E5 /* BtcturkCaseUITests */,
				EE7361822CFA8C94009B63E5 /* Products */,
			);
			sourceTree = "<group>";
		};
		EE7361822CFA8C94009B63E5 /* Products */ = {
			isa = PBXGroup;
			children = (
				EE7361812CFA8C94009B63E5 /* BtcturkCase.app */,
				EE7361972CFA8C95009B63E5 /* BtcturkCaseTests.xctest */,
				EE7361A12CFA8C95009B63E5 /* BtcturkCaseUITests.xctest */,
			);
			name = Products;
			sourceTree = "<group>";
		};
		EE7361832CFA8C94009B63E5 /* BtcturkCase */ = {
			isa = PBXGroup;
			children = (
				EE7361B72CFAA0A1009B63E5 /* Network */,
				EE7361B42CFAA05C009B63E5 /* BtcturkHomePage */,
				EE7361842CFA8C94009B63E5 /* AppDelegate.swift */,
				EE7361862CFA8C94009B63E5 /* SceneDelegate.swift */,
				EE73618D2CFA8C95009B63E5 /* Assets.xcassets */,
				EE73618F2CFA8C95009B63E5 /* LaunchScreen.storyboard */,
				EE7361922CFA8C95009B63E5 /* Info.plist */,
			);
			path = BtcturkCase;
			sourceTree = "<group>";
		};
		EE73619A2CFA8C95009B63E5 /* BtcturkCaseTests */ = {
			isa = PBXGroup;
			children = (
				EE73619B2CFA8C95009B63E5 /* BtcturkCaseTests.swift */,
			);
			path = BtcturkCaseTests;
			sourceTree = "<group>";
		};
		EE7361A42CFA8C95009B63E5 /* BtcturkCaseUITests */ = {
			isa = PBXGroup;
			children = (
				EE7361A52CFA8C95009B63E5 /* BtcturkCaseUITests.swift */,
				EE7361A72CFA8C95009B63E5 /* BtcturkCaseUITestsLaunchTests.swift */,
			);
			path = BtcturkCaseUITests;
			sourceTree = "<group>";
		};
		EE7361B42CFAA05C009B63E5 /* BtcturkHomePage */ = {
			isa = PBXGroup;
			children = (
				EE7361BB2CFAA421009B63E5 /* Cell */,
				EE7361BA2CFAA40D009B63E5 /* Model */,
				EE7361B62CFAA091009B63E5 /* ViewModel */,
				EE7361B52CFAA086009B63E5 /* View */,
			);
			path = BtcturkHomePage;
			sourceTree = "<group>";
		};
		EE7361B52CFAA086009B63E5 /* View */ = {
			isa = PBXGroup;
			children = (
				EE7361882CFA8C94009B63E5 /* CryptoListViewController.swift */,
			);
			path = View;
			sourceTree = "<group>";
		};
		EE7361B62CFAA091009B63E5 /* ViewModel */ = {
			isa = PBXGroup;
			children = (
				EE7361BC2CFAA459009B63E5 /* CryptoListViewModel.swift */,
			);
			path = ViewModel;
			sourceTree = "<group>";
		};
		EE7361B72CFAA0A1009B63E5 /* Network */ = {
			isa = PBXGroup;
			children = (
				EE7361B82CFAA0C1009B63E5 /* APIService.swift */,
			);
			path = Network;
			sourceTree = "<group>";
		};
		EE7361BA2CFAA40D009B63E5 /* Model */ = {
			isa = PBXGroup;
			children = (
				EE7361C42CFAA52E009B63E5 /* CryptoItem.swift */,
			);
			path = Model;
			sourceTree = "<group>";
		};
		EE7361BB2CFAA421009B63E5 /* Cell */ = {
			isa = PBXGroup;
			children = (
				EE7361C02CFAA4CF009B63E5 /* CryptoTableViewCell.swift */,
				EE7361C22CFAA4EC009B63E5 /* FavoriteCollectionViewCell.swift */,
			);
			path = Cell;
			sourceTree = "<group>";
		};
/* End PBXGroup section */

/* Begin PBXNativeTarget section */
		EE7361802CFA8C94009B63E5 /* BtcturkCase */ = {
			isa = PBXNativeTarget;
			buildConfigurationList = EE7361AB2CFA8C95009B63E5 /* Build configuration list for PBXNativeTarget "BtcturkCase" */;
			buildPhases = (
				EE73617D2CFA8C94009B63E5 /* Sources */,
				EE73617E2CFA8C94009B63E5 /* Frameworks */,
				EE73617F2CFA8C94009B63E5 /* Resources */,
			);
			buildRules = (
			);
			dependencies = (
			);
			name = BtcturkCase;
			productName = BtcturkCase;
			productReference = EE7361812CFA8C94009B63E5 /* BtcturkCase.app */;
			productType = "com.apple.product-type.application";
		};
		EE7361962CFA8C95009B63E5 /* BtcturkCaseTests */ = {
			isa = PBXNativeTarget;
			buildConfigurationList = EE7361AE2CFA8C95009B63E5 /* Build configuration list for PBXNativeTarget "BtcturkCaseTests" */;
			buildPhases = (
				EE7361932CFA8C95009B63E5 /* Sources */,
				EE7361942CFA8C95009B63E5 /* Frameworks */,
				EE7361952CFA8C95009B63E5 /* Resources */,
			);
			buildRules = (
			);
			dependencies = (
				EE7361992CFA8C95009B63E5 /* PBXTargetDependency */,
			);
			name = BtcturkCaseTests;
			productName = BtcturkCaseTests;
			productReference = EE7361972CFA8C95009B63E5 /* BtcturkCaseTests.xctest */;
			productType = "com.apple.product-type.bundle.unit-test";
		};
		EE7361A02CFA8C95009B63E5 /* BtcturkCaseUITests */ = {
			isa = PBXNativeTarget;
			buildConfigurationList = EE7361B12CFA8C95009B63E5 /* Build configuration list for PBXNativeTarget "BtcturkCaseUITests" */;
			buildPhases = (
				EE73619D2CFA8C95009B63E5 /* Sources */,
				EE73619E2CFA8C95009B63E5 /* Frameworks */,
				EE73619F2CFA8C95009B63E5 /* Resources */,
			);
			buildRules = (
			);
			dependencies = (
				EE7361A32CFA8C95009B63E5 /* PBXTargetDependency */,
			);
			name = BtcturkCaseUITests;
			productName = BtcturkCaseUITests;
			productReference = EE7361A12CFA8C95009B63E5 /* BtcturkCaseUITests.xctest */;
			productType = "com.apple.product-type.bundle.ui-testing";
		};
/* End PBXNativeTarget section */

/* Begin PBXProject section */
		EE7361792CFA8C94009B63E5 /* Project object */ = {
			isa = PBXProject;
			attributes = {
				BuildIndependentTargetsInParallel = 1;
				LastSwiftUpdateCheck = 1410;
				LastUpgradeCheck = 1410;
				TargetAttributes = {
					EE7361802CFA8C94009B63E5 = {
						CreatedOnToolsVersion = 14.1;
					};
					EE7361962CFA8C95009B63E5 = {
						CreatedOnToolsVersion = 14.1;
						TestTargetID = EE7361802CFA8C94009B63E5;
					};
					EE7361A02CFA8C95009B63E5 = {
						CreatedOnToolsVersion = 14.1;
						TestTargetID = EE7361802CFA8C94009B63E5;
					};
				};
			};
			buildConfigurationList = EE73617C2CFA8C94009B63E5 /* Build configuration list for PBXProject "BtcturkCase" */;
			compatibilityVersion = "Xcode 14.0";
			developmentRegion = en;
			hasScannedForEncodings = 0;
			knownRegions = (
				en,
				Base,
			);
			mainGroup = EE7361782CFA8C94009B63E5;
			productRefGroup = EE7361822CFA8C94009B63E5 /* Products */;
			projectDirPath = "";
			projectRoot = "";
			targets = (
				EE7361802CFA8C94009B63E5 /* BtcturkCase */,
				EE7361962CFA8C95009B63E5 /* BtcturkCaseTests */,
				EE7361A02CFA8C95009B63E5 /* BtcturkCaseUITests */,
			);
		};
/* End PBXProject section */

/* Begin PBXResourcesBuildPhase section */
		EE73617F2CFA8C94009B63E5 /* Resources */ = {
			isa = PBXResourcesBuildPhase;
			buildActionMask = 2147483647;
			files = (
				EE7361912CFA8C95009B63E5 /* LaunchScreen.storyboard in Resources */,
				EE73618E2CFA8C95009B63E5 /* Assets.xcassets in Resources */,
			);
			runOnlyForDeploymentPostprocessing = 0;
		};
		EE7361952CFA8C95009B63E5 /* Resources */ = {
			isa = PBXResourcesBuildPhase;
			buildActionMask = 2147483647;
			files = (
			);
			runOnlyForDeploymentPostprocessing = 0;
		};
		EE73619F2CFA8C95009B63E5 /* Resources */ = {
			isa = PBXResourcesBuildPhase;
			buildActionMask = 2147483647;
			files = (
			);
			runOnlyForDeploymentPostprocessing = 0;
		};
/* End PBXResourcesBuildPhase section */

/* Begin PBXSourcesBuildPhase section */
		EE73617D2CFA8C94009B63E5 /* Sources */ = {
			isa = PBXSourcesBuildPhase;
			buildActionMask = 2147483647;
			files = (
				EE7361892CFA8C94009B63E5 /* CryptoListViewController.swift in Sources */,
				EE7361C52CFAA52E009B63E5 /* CryptoItem.swift in Sources */,
				EE7361C32CFAA4EC009B63E5 /* FavoriteCollectionViewCell.swift in Sources */,
				EE7361852CFA8C94009B63E5 /* AppDelegate.swift in Sources */,
				EE7361C12CFAA4CF009B63E5 /* CryptoTableViewCell.swift in Sources */,
				EE7361BD2CFAA459009B63E5 /* CryptoListViewModel.swift in Sources */,
				EE7361872CFA8C94009B63E5 /* SceneDelegate.swift in Sources */,
				EE7361B92CFAA0C1009B63E5 /* APIService.swift in Sources */,
			);
			runOnlyForDeploymentPostprocessing = 0;
		};
		EE7361932CFA8C95009B63E5 /* Sources */ = {
			isa = PBXSourcesBuildPhase;
			buildActionMask = 2147483647;
			files = (
				EE73619C2CFA8C95009B63E5 /* BtcturkCaseTests.swift in Sources */,
			);
			runOnlyForDeploymentPostprocessing = 0;
		};
		EE73619D2CFA8C95009B63E5 /* Sources */ = {
			isa = PBXSourcesBuildPhase;
			buildActionMask = 2147483647;
			files = (
				EE7361A82CFA8C95009B63E5 /* BtcturkCaseUITestsLaunchTests.swift in Sources */,
				EE7361A62CFA8C95009B63E5 /* BtcturkCaseUITests.swift in Sources */,
			);
			runOnlyForDeploymentPostprocessing = 0;
		};
/* End PBXSourcesBuildPhase section */

/* Begin PBXTargetDependency section */
		EE7361992CFA8C95009B63E5 /* PBXTargetDependency */ = {
			isa = PBXTargetDependency;
			target = EE7361802CFA8C94009B63E5 /* BtcturkCase */;
			targetProxy = EE7361982CFA8C95009B63E5 /* PBXContainerItemProxy */;
		};
		EE7361A32CFA8C95009B63E5 /* PBXTargetDependency */ = {
			isa = PBXTargetDependency;
			target = EE7361802CFA8C94009B63E5 /* BtcturkCase */;
			targetProxy = EE7361A22CFA8C95009B63E5 /* PBXContainerItemProxy */;
		};
/* End PBXTargetDependency section */

/* Begin PBXVariantGroup section */
		EE73618F2CFA8C95009B63E5 /* LaunchScreen.storyboard */ = {
			isa = PBXVariantGroup;
			children = (
				EE7361902CFA8C95009B63E5 /* Base */,
			);
			name = LaunchScreen.storyboard;
			sourceTree = "<group>";
		};
/* End PBXVariantGroup section */

/* Begin XCBuildConfiguration section */
		EE7361A92CFA8C95009B63E5 /* Debug */ = {
			isa = XCBuildConfiguration;
			buildSettings = {
				ALWAYS_SEARCH_USER_PATHS = NO;
				CLANG_ANALYZER_NONNULL = YES;
				CLANG_ANALYZER_NUMBER_OBJECT_CONVERSION = YES_AGGRESSIVE;
				CLANG_CXX_LANGUAGE_STANDARD = "gnu++20";
				CLANG_ENABLE_MODULES = YES;
				CLANG_ENABLE_OBJC_ARC = YES;
				CLANG_ENABLE_OBJC_WEAK = YES;
				CLANG_WARN_BLOCK_CAPTURE_AUTORELEASING = YES;
				CLANG_WARN_BOOL_CONVERSION = YES;
				CLANG_WARN_COMMA = YES;
				CLANG_WARN_CONSTANT_CONVERSION = YES;
				CLANG_WARN_DEPRECATED_OBJC_IMPLEMENTATIONS = YES;
				CLANG_WARN_DIRECT_OBJC_ISA_USAGE = YES_ERROR;
				CLANG_WARN_DOCUMENTATION_COMMENTS = YES;
				CLANG_WARN_EMPTY_BODY = YES;
				CLANG_WARN_ENUM_CONVERSION = YES;
				CLANG_WARN_INFINITE_RECURSION = YES;
				CLANG_WARN_INT_CONVERSION = YES;
				CLANG_WARN_NON_LITERAL_NULL_CONVERSION = YES;
				CLANG_WARN_OBJC_IMPLICIT_RETAIN_SELF = YES;
				CLANG_WARN_OBJC_LITERAL_CONVERSION = YES;
				CLANG_WARN_OBJC_ROOT_CLASS = YES_ERROR;
				CLANG_WARN_QUOTED_INCLUDE_IN_FRAMEWORK_HEADER = YES;
				CLANG_WARN_RANGE_LOOP_ANALYSIS = YES;
				CLANG_WARN_STRICT_PROTOTYPES = YES;
				CLANG_WARN_SUSPICIOUS_MOVE = YES;
				CLANG_WARN_UNGUARDED_AVAILABILITY = YES_AGGRESSIVE;
				CLANG_WARN_UNREACHABLE_CODE = YES;
				CLANG_WARN__DUPLICATE_METHOD_MATCH = YES;
				COPY_PHASE_STRIP = NO;
				DEBUG_INFORMATION_FORMAT = dwarf;
				ENABLE_STRICT_OBJC_MSGSEND = YES;
				ENABLE_TESTABILITY = YES;
				GCC_C_LANGUAGE_STANDARD = gnu11;
				GCC_DYNAMIC_NO_PIC = NO;
				GCC_NO_COMMON_BLOCKS = YES;
				GCC_OPTIMIZATION_LEVEL = 0;
				GCC_PREPROCESSOR_DEFINITIONS = (
					"DEBUG=1",
					"$(inherited)",
				);
				GCC_WARN_64_TO_32_BIT_CONVERSION = YES;
				GCC_WARN_ABOUT_RETURN_TYPE = YES_ERROR;
				GCC_WARN_UNDECLARED_SELECTOR = YES;
				GCC_WARN_UNINITIALIZED_AUTOS = YES_AGGRESSIVE;
				GCC_WARN_UNUSED_FUNCTION = YES;
				GCC_WARN_UNUSED_VARIABLE = YES;
				IPHONEOS_DEPLOYMENT_TARGET = 16.1;
				MTL_ENABLE_DEBUG_INFO = INCLUDE_SOURCE;
				MTL_FAST_MATH = YES;
				ONLY_ACTIVE_ARCH = YES;
				SDKROOT = iphoneos;
				SWIFT_ACTIVE_COMPILATION_CONDITIONS = DEBUG;
				SWIFT_OPTIMIZATION_LEVEL = "-Onone";
			};
			name = Debug;
		};
		EE7361AA2CFA8C95009B63E5 /* Release */ = {
			isa = XCBuildConfiguration;
			buildSettings = {
				ALWAYS_SEARCH_USER_PATHS = NO;
				CLANG_ANALYZER_NONNULL = YES;
				CLANG_ANALYZER_NUMBER_OBJECT_CONVERSION = YES_AGGRESSIVE;
				CLANG_CXX_LANGUAGE_STANDARD = "gnu++20";
				CLANG_ENABLE_MODULES = YES;
				CLANG_ENABLE_OBJC_ARC = YES;
				CLANG_ENABLE_OBJC_WEAK = YES;
				CLANG_WARN_BLOCK_CAPTURE_AUTORELEASING = YES;
				CLANG_WARN_BOOL_CONVERSION = YES;
				CLANG_WARN_COMMA = YES;
				CLANG_WARN_CONSTANT_CONVERSION = YES;
				CLANG_WARN_DEPRECATED_OBJC_IMPLEMENTATIONS = YES;
				CLANG_WARN_DIRECT_OBJC_ISA_USAGE = YES_ERROR;
				CLANG_WARN_DOCUMENTATION_COMMENTS = YES;
				CLANG_WARN_EMPTY_BODY = YES;
				CLANG_WARN_ENUM_CONVERSION = YES;
				CLANG_WARN_INFINITE_RECURSION = YES;
				CLANG_WARN_INT_CONVERSION = YES;
				CLANG_WARN_NON_LITERAL_NULL_CONVERSION = YES;
				CLANG_WARN_OBJC_IMPLICIT_RETAIN_SELF = YES;
				CLANG_WARN_OBJC_LITERAL_CONVERSION = YES;
				CLANG_WARN_OBJC_ROOT_CLASS = YES_ERROR;
				CLANG_WARN_QUOTED_INCLUDE_IN_FRAMEWORK_HEADER = YES;
				CLANG_WARN_RANGE_LOOP_ANALYSIS = YES;
				CLANG_WARN_STRICT_PROTOTYPES = YES;
				CLANG_WARN_SUSPICIOUS_MOVE = YES;
				CLANG_WARN_UNGUARDED_AVAILABILITY = YES_AGGRESSIVE;
				CLANG_WARN_UNREACHABLE_CODE = YES;
				CLANG_WARN__DUPLICATE_METHOD_MATCH = YES;
				COPY_PHASE_STRIP = NO;
				DEBUG_INFORMATION_FORMAT = "dwarf-with-dsym";
				ENABLE_NS_ASSERTIONS = NO;
				ENABLE_STRICT_OBJC_MSGSEND = YES;
				GCC_C_LANGUAGE_STANDARD = gnu11;
				GCC_NO_COMMON_BLOCKS = YES;
				GCC_WARN_64_TO_32_BIT_CONVERSION = YES;
				GCC_WARN_ABOUT_RETURN_TYPE = YES_ERROR;
				GCC_WARN_UNDECLARED_SELECTOR = YES;
				GCC_WARN_UNINITIALIZED_AUTOS = YES_AGGRESSIVE;
				GCC_WARN_UNUSED_FUNCTION = YES;
				GCC_WARN_UNUSED_VARIABLE = YES;
				IPHONEOS_DEPLOYMENT_TARGET = 16.1;
				MTL_ENABLE_DEBUG_INFO = NO;
				MTL_FAST_MATH = YES;
				SDKROOT = iphoneos;
				SWIFT_COMPILATION_MODE = wholemodule;
				SWIFT_OPTIMIZATION_LEVEL = "-O";
				VALIDATE_PRODUCT = YES;
			};
			name = Release;
		};
		EE7361AC2CFA8C95009B63E5 /* Debug */ = {
			isa = XCBuildConfiguration;
			buildSettings = {
				ASSETCATALOG_COMPILER_APPICON_NAME = AppIcon;
				ASSETCATALOG_COMPILER_GLOBAL_ACCENT_COLOR_NAME = AccentColor;
				CODE_SIGN_STYLE = Automatic;
				CURRENT_PROJECT_VERSION = 1;
				GENERATE_INFOPLIST_FILE = YES;
				INFOPLIST_FILE = BtcturkCase/Info.plist;
				INFOPLIST_KEY_UIApplicationSupportsIndirectInputEvents = YES;
				INFOPLIST_KEY_UILaunchStoryboardName = LaunchScreen;
				INFOPLIST_KEY_UISupportedInterfaceOrientations_iPad = "UIInterfaceOrientationPortrait UIInterfaceOrientationPortraitUpsideDown UIInterfaceOrientationLandscapeLeft UIInterfaceOrientationLandscapeRight";
				INFOPLIST_KEY_UISupportedInterfaceOrientations_iPhone = "UIInterfaceOrientationPortrait UIInterfaceOrientationLandscapeLeft UIInterfaceOrientationLandscapeRight";
				LD_RUNPATH_SEARCH_PATHS = (
					"$(inherited)",
					"@executable_path/Frameworks",
				);
				MARKETING_VERSION = 1.0;
				PRODUCT_BUNDLE_IDENTIFIER = com.AnilCiftci.BtcturkCase;
				PRODUCT_NAME = "$(TARGET_NAME)";
				SWIFT_EMIT_LOC_STRINGS = YES;
				SWIFT_VERSION = 5.0;
				TARGETED_DEVICE_FAMILY = "1,2";
			};
			name = Debug;
		};
		EE7361AD2CFA8C95009B63E5 /* Release */ = {
			isa = XCBuildConfiguration;
			buildSettings = {
				ASSETCATALOG_COMPILER_APPICON_NAME = AppIcon;
				ASSETCATALOG_COMPILER_GLOBAL_ACCENT_COLOR_NAME = AccentColor;
				CODE_SIGN_STYLE = Automatic;
				CURRENT_PROJECT_VERSION = 1;
				GENERATE_INFOPLIST_FILE = YES;
				INFOPLIST_FILE = BtcturkCase/Info.plist;
				INFOPLIST_KEY_UIApplicationSupportsIndirectInputEvents = YES;
				INFOPLIST_KEY_UILaunchStoryboardName = LaunchScreen;
				INFOPLIST_KEY_UISupportedInterfaceOrientations_iPad = "UIInterfaceOrientationPortrait UIInterfaceOrientationPortraitUpsideDown UIInterfaceOrientationLandscapeLeft UIInterfaceOrientationLandscapeRight";
				INFOPLIST_KEY_UISupportedInterfaceOrientations_iPhone = "UIInterfaceOrientationPortrait UIInterfaceOrientationLandscapeLeft UIInterfaceOrientationLandscapeRight";
				LD_RUNPATH_SEARCH_PATHS = (
					"$(inherited)",
					"@executable_path/Frameworks",
				);
				MARKETING_VERSION = 1.0;
				PRODUCT_BUNDLE_IDENTIFIER = com.AnilCiftci.BtcturkCase;
				PRODUCT_NAME = "$(TARGET_NAME)";
				SWIFT_EMIT_LOC_STRINGS = YES;
				SWIFT_VERSION = 5.0;
				TARGETED_DEVICE_FAMILY = "1,2";
			};
			name = Release;
		};
		EE7361AF2CFA8C95009B63E5 /* Debug */ = {
			isa = XCBuildConfiguration;
			buildSettings = {
				ALWAYS_EMBED_SWIFT_STANDARD_LIBRARIES = YES;
				BUNDLE_LOADER = "$(TEST_HOST)";
				CODE_SIGN_STYLE = Automatic;
				CURRENT_PROJECT_VERSION = 1;
				GENERATE_INFOPLIST_FILE = YES;
				IPHONEOS_DEPLOYMENT_TARGET = 16.1;
				MARKETING_VERSION = 1.0;
				PRODUCT_BUNDLE_IDENTIFIER = com.AnilCiftci.BtcturkCaseTests;
				PRODUCT_NAME = "$(TARGET_NAME)";
				SWIFT_EMIT_LOC_STRINGS = NO;
				SWIFT_VERSION = 5.0;
				TARGETED_DEVICE_FAMILY = "1,2";
				TEST_HOST = "$(BUILT_PRODUCTS_DIR)/BtcturkCase.app/$(BUNDLE_EXECUTABLE_FOLDER_PATH)/BtcturkCase";
			};
			name = Debug;
		};
		EE7361B02CFA8C95009B63E5 /* Release */ = {
			isa = XCBuildConfiguration;
			buildSettings = {
				ALWAYS_EMBED_SWIFT_STANDARD_LIBRARIES = YES;
				BUNDLE_LOADER = "$(TEST_HOST)";
				CODE_SIGN_STYLE = Automatic;
				CURRENT_PROJECT_VERSION = 1;
				GENERATE_INFOPLIST_FILE = YES;
				IPHONEOS_DEPLOYMENT_TARGET = 16.1;
				MARKETING_VERSION = 1.0;
				PRODUCT_BUNDLE_IDENTIFIER = com.AnilCiftci.BtcturkCaseTests;
				PRODUCT_NAME = "$(TARGET_NAME)";
				SWIFT_EMIT_LOC_STRINGS = NO;
				SWIFT_VERSION = 5.0;
				TARGETED_DEVICE_FAMILY = "1,2";
				TEST_HOST = "$(BUILT_PRODUCTS_DIR)/BtcturkCase.app/$(BUNDLE_EXECUTABLE_FOLDER_PATH)/BtcturkCase";
			};
			name = Release;
		};
		EE7361B22CFA8C95009B63E5 /* Debug */ = {
			isa = XCBuildConfiguration;
			buildSettings = {
				ALWAYS_EMBED_SWIFT_STANDARD_LIBRARIES = YES;
				CODE_SIGN_STYLE = Automatic;
				CURRENT_PROJECT_VERSION = 1;
				GENERATE_INFOPLIST_FILE = YES;
				MARKETING_VERSION = 1.0;
				PRODUCT_BUNDLE_IDENTIFIER = com.AnilCiftci.BtcturkCaseUITests;
				PRODUCT_NAME = "$(TARGET_NAME)";
				SWIFT_EMIT_LOC_STRINGS = NO;
				SWIFT_VERSION = 5.0;
				TARGETED_DEVICE_FAMILY = "1,2";
				TEST_TARGET_NAME = BtcturkCase;
			};
			name = Debug;
		};
		EE7361B32CFA8C95009B63E5 /* Release */ = {
			isa = XCBuildConfiguration;
			buildSettings = {
				ALWAYS_EMBED_SWIFT_STANDARD_LIBRARIES = YES;
				CODE_SIGN_STYLE = Automatic;
				CURRENT_PROJECT_VERSION = 1;
				GENERATE_INFOPLIST_FILE = YES;
				MARKETING_VERSION = 1.0;
				PRODUCT_BUNDLE_IDENTIFIER = com.AnilCiftci.BtcturkCaseUITests;
				PRODUCT_NAME = "$(TARGET_NAME)";
				SWIFT_EMIT_LOC_STRINGS = NO;
				SWIFT_VERSION = 5.0;
				TARGETED_DEVICE_FAMILY = "1,2";
				TEST_TARGET_NAME = BtcturkCase;
			};
			name = Release;
		};
/* End XCBuildConfiguration section */

/* Begin XCConfigurationList section */
		EE73617C2CFA8C94009B63E5 /* Build configuration list for PBXProject "BtcturkCase" */ = {
			isa = XCConfigurationList;
			buildConfigurations = (
				EE7361A92CFA8C95009B63E5 /* Debug */,
				EE7361AA2CFA8C95009B63E5 /* Release */,
			);
			defaultConfigurationIsVisible = 0;
			defaultConfigurationName = Release;
		};
		EE7361AB2CFA8C95009B63E5 /* Build configuration list for PBXNativeTarget "BtcturkCase" */ = {
			isa = XCConfigurationList;
			buildConfigurations = (
				EE7361AC2CFA8C95009B63E5 /* Debug */,
				EE7361AD2CFA8C95009B63E5 /* Release */,
			);
			defaultConfigurationIsVisible = 0;
			defaultConfigurationName = Release;
		};
		EE7361AE2CFA8C95009B63E5 /* Build configuration list for PBXNativeTarget "BtcturkCaseTests" */ = {
			isa = XCConfigurationList;
			buildConfigurations = (
				EE7361AF2CFA8C95009B63E5 /* Debug */,
				EE7361B02CFA8C95009B63E5 /* Release */,
			);
			defaultConfigurationIsVisible = 0;
			defaultConfigurationName = Release;
		};
		EE7361B12CFA8C95009B63E5 /* Build configuration list for PBXNativeTarget "BtcturkCaseUITests" */ = {
			isa = XCConfigurationList;
			buildConfigurations = (
				EE7361B22CFA8C95009B63E5 /* Debug */,
				EE7361B32CFA8C95009B63E5 /* Release */,
			);
			defaultConfigurationIsVisible = 0;
			defaultConfigurationName = Release;
		};
/* End XCConfigurationList section */
	};
	rootObject = EE7361792CFA8C94009B63E5 /* Project object */;
}
